
Microsoft Visual Studio Solution File, Format Version 12.00
# Visual Studio Version 16
VisualStudioVersion = 16.0.28803.352
MinimumVisualStudioVersion = 10.0.40219.1
Project("{9A19103F-16F7-4668-BE54-9A1E7A4F7556}") = "graph.network.core", "graph.network.core\graph.network.core.csproj", "{3781818D-89E0-4C45-90C6-AEB6B78E7728}"
EndProject
Project("{9A19103F-16F7-4668-BE54-9A1E7A4F7556}") = "graph.network.core.tests", "graph.network.core.tests\graph.network.core.tests.csproj", "{270F2830-793B-4B0A-9598-2E3DD7059DDD}"
EndProject
Project("{FAE04EC0-301F-11D3-BF4B-00C04F79EFBC}") = "graph.network.wpf.lib", "graph.network.wpf.lib\graph.network.wpf.lib.csproj", "{0791B765-24A8-4EDB-A08C-1A1B8C8093C7}"
EndProject
Project("{FAE04EC0-301F-11D3-BF4B-00C04F79EFBC}") = "graph.network.wpf.app", "graph.network.wpf.app\graph.network.wpf.app.csproj", "{BB313CDA-D9A8-4566-A150-2EDDF09B9046}"
EndProject
Global
	GlobalSection(SolutionConfigurationPlatforms) = preSolution
		Debug|Any CPU = Debug|Any CPU
		Release|Any CPU = Release|Any CPU
	EndGlobalSection
	GlobalSection(ProjectConfigurationPlatforms) = postSolution
		{3781818D-89E0-4C45-90C6-AEB6B78E7728}.Debug|Any CPU.ActiveCfg = Debug|Any CPU
		{3781818D-89E0-4C45-90C6-AEB6B78E7728}.Debug|Any CPU.Build.0 = Debug|Any CPU
		{3781818D-89E0-4C45-90C6-AEB6B78E7728}.Release|Any CPU.ActiveCfg = Release|Any CPU
		{3781818D-89E0-4C45-90C6-AEB6B78E7728}.Release|Any CPU.Build.0 = Release|Any CPU
		{270F2830-793B-4B0A-9598-2E3DD7059DDD}.Debug|Any CPU.ActiveCfg = Debug|Any CPU
		{270F2830-793B-4B0A-9598-2E3DD7059DDD}.Debug|Any CPU.Build.0 = Debug|Any CPU
		{270F2830-793B-4B0A-9598-2E3DD7059DDD}.Release|Any CPU.ActiveCfg = Release|Any CPU
		{270F2830-793B-4B0A-9598-2E3DD7059DDD}.Release|Any CPU.Build.0 = Release|Any CPU
		{0791B765-24A8-4EDB-A08C-1A1B8C8093C7}.Debug|Any CPU.ActiveCfg = Debug|Any CPU
		{0791B765-24A8-4EDB-A08C-1A1B8C8093C7}.Debug|Any CPU.Build.0 = Debug|Any CPU
		{0791B765-24A8-4EDB-A08C-1A1B8C8093C7}.Release|Any CPU.ActiveCfg = Release|Any CPU
		{0791B765-24A8-4EDB-A08C-1A1B8C8093C7}.Release|Any CPU.Build.0 = Release|Any CPU
		{BB313CDA-D9A8-4566-A150-2EDDF09B9046}.Debug|Any CPU.ActiveCfg = Debug|Any CPU
		{BB313CDA-D9A8-4566-A150-2EDDF09B9046}.Debug|Any CPU.Build.0 = Debug|Any CPU
		{BB313CDA-D9A8-4566-A150-2EDDF09B9046}.Release|Any CPU.ActiveCfg = Release|Any CPU
		{BB313CDA-D9A8-4566-A150-2EDDF09B9046}.Release|Any CPU.Build.0 = Release|Any CPU
	EndGlobalSection
	GlobalSection(SolutionProperties) = preSolution
		HideSolutionNode = FALSE
	EndGlobalSection
	GlobalSection(ExtensibilityGlobals) = postSolution
		SolutionGuid = {BBB399E6-474A-409F-96EF-4C91C395503F}
	EndGlobalSection
EndGlobal
